{
  "name": "red_book",
  "lockfileVersion": 3,
  "requires": true,
  "packages": {
    "": {
      "dependencies": {
        "emoji-reader": "^2.0.5"
      }
    },
    "node_modules/emoji-reader": {
      "version": "2.0.5",
      "resolved": "https://registry.npmjs.org/emoji-reader/-/emoji-reader-2.0.5.tgz",
      "integrity": "sha512-wkjGvV0WrnBEPKok98zGfN7MJwtREsT6A3+iLmF8FMp7j+1hrcdpq2Vpsvvsv2ihoX5WpkL93Hge+mXfE1hVuA==",
      "dependencies": {
        "kotlin": "1.3.72"
      }
    },
    "node_modules/kotlin": {
      "version": "1.3.72",
      "resolved": "https://registry.npmjs.org/kotlin/-/kotlin-1.3.72.tgz",
      "integrity": "sha512-hvGztbc+K1bXDBdyonHPAbQ+TQnFf/zpI/+x3TuqOl199/O1SPOxbbe0ct6Cmu+k48EURpuXY4iz/+sM0VOHIg=="
    }
  }
}
